
Microsoft Visual Studio Solution File, Format Version 12.00
# Visual Studio Version 16
VisualStudioVersion = 16.0.29806.167
MinimumVisualStudioVersion = 10.0.40219.1
Project("{FAE04EC0-301F-11D3-BF4B-00C04F79EFBC}") = "PersonalFinance", "PersonalFinance\PersonalFinance.csproj", "{7F1AB21D-7D86-4A7D-93BF-1B52B5049C26}"
EndProject
Project("{FAE04EC0-301F-11D3-BF4B-00C04F79EFBC}") = "PersonalFinance.Domain", "PersonalFinance.Domain\PersonalFinance.Domain.csproj", "{8C149E23-49FD-416B-99FE-2CF9763A2AFA}"
EndProject
Global
	GlobalSection(SolutionConfigurationPlatforms) = preSolution
		Debug|Any CPU = Debug|Any CPU
		Release|Any CPU = Release|Any CPU
	EndGlobalSection
	GlobalSection(ProjectConfigurationPlatforms) = postSolution
		{7F1AB21D-7D86-4A7D-93BF-1B52B5049C26}.Debug|Any CPU.ActiveCfg = Debug|Any CPU
		{7F1AB21D-7D86-4A7D-93BF-1B52B5049C26}.Debug|Any CPU.Build.0 = Debug|Any CPU
		{7F1AB21D-7D86-4A7D-93BF-1B52B5049C26}.Release|Any CPU.ActiveCfg = Release|Any CPU
		{7F1AB21D-7D86-4A7D-93BF-1B52B5049C26}.Release|Any CPU.Build.0 = Release|Any CPU
		{8C149E23-49FD-416B-99FE-2CF9763A2AFA}.Debug|Any CPU.ActiveCfg = Debug|Any CPU
		{8C149E23-49FD-416B-99FE-2CF9763A2AFA}.Debug|Any CPU.Build.0 = Debug|Any CPU
		{8C149E23-49FD-416B-99FE-2CF9763A2AFA}.Release|Any CPU.ActiveCfg = Release|Any CPU
		{8C149E23-49FD-416B-99FE-2CF9763A2AFA}.Release|Any CPU.Build.0 = Release|Any CPU
	EndGlobalSection
	GlobalSection(SolutionProperties) = preSolution
		HideSolutionNode = FALSE
	EndGlobalSection
	GlobalSection(ExtensibilityGlobals) = postSolution
		SolutionGuid = {88760800-7EB5-41FA-8774-902E3B835570}
	EndGlobalSection
EndGlobal
